
Microsoft Visual Studio Solution File, Format Version 12.00
# Visual Studio Version 16
VisualStudioVersion = 16.0.31205.134
MinimumVisualStudioVersion = 10.0.40219.1
Project("{888888A0-9F3D-457C-B088-3A5042F75D52}") = "TworzeniePlikowNaSelera", "TworzeniePlikowNaSelera\TworzeniePlikowNaSelera.pyproj", "{C359ACA3-F764-4AEA-A9F9-313617FE692E}"
EndProject
Global
	GlobalSection(SolutionConfigurationPlatforms) = preSolution
		Debug|Any CPU = Debug|Any CPU
		Release|Any CPU = Release|Any CPU
	EndGlobalSection
	GlobalSection(ProjectConfigurationPlatforms) = postSolution
		{C359ACA3-F764-4AEA-A9F9-313617FE692E}.Debug|Any CPU.ActiveCfg = Debug|Any CPU
		{C359ACA3-F764-4AEA-A9F9-313617FE692E}.Release|Any CPU.ActiveCfg = Release|Any CPU
	EndGlobalSection
	GlobalSection(SolutionProperties) = preSolution
		HideSolutionNode = FALSE
	EndGlobalSection
	GlobalSection(ExtensibilityGlobals) = postSolution
		SolutionGuid = {85E8C844-496F-431E-A750-CD9395D1BCBF}
	EndGlobalSection
EndGlobal
